
Microsoft Visual Studio Solution File, Format Version 12.00
# Visual Studio 14
VisualStudioVersion = 14.0.25123.0
MinimumVisualStudioVersion = 10.0.40219.1
Project("{1A0BA069-FF18-42B9-88B1-DCE6C3B39397}") = "Sitecore.Support.139071", "Sitecore.Support.139071\Sitecore.Support.139071.csproj", "{1D32BC17-BCCE-439F-891F-8C98AF8473E8}"
EndProject
Global
	GlobalSection(SolutionConfigurationPlatforms) = preSolution
		Debug|Any CPU = Debug|Any CPU
		Release|Any CPU = Release|Any CPU
	EndGlobalSection
	GlobalSection(ProjectConfigurationPlatforms) = postSolution
		{1D32BC17-BCCE-439F-891F-8C98AF8473E8}.Debug|Any CPU.ActiveCfg = Debug|Any CPU
		{1D32BC17-BCCE-439F-891F-8C98AF8473E8}.Debug|Any CPU.Build.0 = Debug|Any CPU
		{1D32BC17-BCCE-439F-891F-8C98AF8473E8}.Release|Any CPU.ActiveCfg = Release|Any CPU
		{1D32BC17-BCCE-439F-891F-8C98AF8473E8}.Release|Any CPU.Build.0 = Release|Any CPU
	EndGlobalSection
	GlobalSection(SolutionProperties) = preSolution
		HideSolutionNode = FALSE
	EndGlobalSection
EndGlobal
